
Microsoft Visual Studio Solution File, Format Version 12.00
# Visual Studio Version 17
VisualStudioVersion = 17.12.35506.116
MinimumVisualStudioVersion = 10.0.40219.1
Project("{2150E333-8FDC-42A3-9474-1A3956D46DE8}") = "Externals", "Externals", "{3BC02507-77C0-40A8-9E3B-2FA4A06BE9B2}"
EndProject
Project("{2150E333-8FDC-42A3-9474-1A3956D46DE8}") = "Samples", "Samples", "{DDB4EF12-CC4E-5E88-E6FC-71A802F4DE97}"
EndProject
Project("{8BC9CEB8-8B4A-11D0-8D11-00A0C91BC942}") = "Calms", "app\WinterGame.vcxproj", "{A0ECBC58-FE34-477C-B275-299ED2583C53}"
EndProject
Project("{8BC9CEB8-8B4A-11D0-8D11-00A0C91BC942}") = "NimaEngine", "modules\nima_engine\src\Engine.vcxproj", "{9FD2D32D-DAB0-40A1-B430-CBC12517B87C}"
EndProject
Project("{2150E333-8FDC-42A3-9474-1A3956D46DE8}") = "module", "module", "{C162FE81-3C10-437A-9DA2-21FBB4536F63}"
EndProject
Project("{8BC9CEB8-8B4A-11D0-8D11-00A0C91BC942}") = "DirectXTex", "modules\nima_engine\externals\DirectXTex\DirectXTex_Desktop_2022_Win10.vcxproj", "{371B9FA9-4C90-4AC6-A123-ACED756D6C77}"
EndProject
Project("{8BC9CEB8-8B4A-11D0-8D11-00A0C91BC942}") = "ImGui", "modules\nima_engine\externals\ImGui\ImGui.vcxproj", "{F83F6C46-AEE0-480C-95FC-2319E6FEB02B}"
EndProject
Project("{8BC9CEB8-8B4A-11D0-8D11-00A0C91BC942}") = "NiGui", "modules\nima_engine\modules\nigui\NiGui.vcxproj", "{E3E0F431-57AB-47BD-9CAD-DB622644B99C}"
EndProject
Project("{8BC9CEB8-8B4A-11D0-8D11-00A0C91BC942}") = "VecMat", "modules\nima_engine\modules\vectormatrix\Project\VecMat.vcxproj", "{A87AD77F-CC08-4788-8630-68470354FCD3}"
EndProject
Global
	GlobalSection(SolutionConfigurationPlatforms) = preSolution
		AddressSanitizer|x64 = AddressSanitizer|x64
		Debug|x64 = Debug|x64
		Release|x64 = Release|x64
	EndGlobalSection
	GlobalSection(ProjectConfigurationPlatforms) = postSolution
		{A0ECBC58-FE34-477C-B275-299ED2583C53}.AddressSanitizer|x64.ActiveCfg = AddressSanitizer|x64
		{A0ECBC58-FE34-477C-B275-299ED2583C53}.AddressSanitizer|x64.Build.0 = AddressSanitizer|x64
		{A0ECBC58-FE34-477C-B275-299ED2583C53}.Debug|x64.ActiveCfg = Debug|x64
		{A0ECBC58-FE34-477C-B275-299ED2583C53}.Debug|x64.Build.0 = Debug|x64
		{A0ECBC58-FE34-477C-B275-299ED2583C53}.Release|x64.ActiveCfg = Release|x64
		{A0ECBC58-FE34-477C-B275-299ED2583C53}.Release|x64.Build.0 = Release|x64
		{9FD2D32D-DAB0-40A1-B430-CBC12517B87C}.AddressSanitizer|x64.ActiveCfg = AddressSanitizer|x64
		{9FD2D32D-DAB0-40A1-B430-CBC12517B87C}.AddressSanitizer|x64.Build.0 = AddressSanitizer|x64
		{9FD2D32D-DAB0-40A1-B430-CBC12517B87C}.Debug|x64.ActiveCfg = Debug|x64
		{9FD2D32D-DAB0-40A1-B430-CBC12517B87C}.Debug|x64.Build.0 = Debug|x64
		{9FD2D32D-DAB0-40A1-B430-CBC12517B87C}.Release|x64.ActiveCfg = Release|x64
		{9FD2D32D-DAB0-40A1-B430-CBC12517B87C}.Release|x64.Build.0 = Release|x64
		{371B9FA9-4C90-4AC6-A123-ACED756D6C77}.AddressSanitizer|x64.ActiveCfg = AddressSanitizer|x64
		{371B9FA9-4C90-4AC6-A123-ACED756D6C77}.AddressSanitizer|x64.Build.0 = AddressSanitizer|x64
		{371B9FA9-4C90-4AC6-A123-ACED756D6C77}.Debug|x64.ActiveCfg = Debug|x64
		{371B9FA9-4C90-4AC6-A123-ACED756D6C77}.Debug|x64.Build.0 = Debug|x64
		{371B9FA9-4C90-4AC6-A123-ACED756D6C77}.Release|x64.ActiveCfg = Release|x64
		{371B9FA9-4C90-4AC6-A123-ACED756D6C77}.Release|x64.Build.0 = Release|x64
		{F83F6C46-AEE0-480C-95FC-2319E6FEB02B}.AddressSanitizer|x64.ActiveCfg = AddressSanitizer|x64
		{F83F6C46-AEE0-480C-95FC-2319E6FEB02B}.AddressSanitizer|x64.Build.0 = AddressSanitizer|x64
		{F83F6C46-AEE0-480C-95FC-2319E6FEB02B}.Debug|x64.ActiveCfg = Debug|x64
		{F83F6C46-AEE0-480C-95FC-2319E6FEB02B}.Debug|x64.Build.0 = Debug|x64
		{F83F6C46-AEE0-480C-95FC-2319E6FEB02B}.Release|x64.ActiveCfg = Release|x64
		{F83F6C46-AEE0-480C-95FC-2319E6FEB02B}.Release|x64.Build.0 = Release|x64
		{E3E0F431-57AB-47BD-9CAD-DB622644B99C}.AddressSanitizer|x64.ActiveCfg = AddressSanitizer|x64
		{E3E0F431-57AB-47BD-9CAD-DB622644B99C}.AddressSanitizer|x64.Build.0 = AddressSanitizer|x64
		{E3E0F431-57AB-47BD-9CAD-DB622644B99C}.Debug|x64.ActiveCfg = Debug|x64
		{E3E0F431-57AB-47BD-9CAD-DB622644B99C}.Debug|x64.Build.0 = Debug|x64
		{E3E0F431-57AB-47BD-9CAD-DB622644B99C}.Release|x64.ActiveCfg = Release|x64
		{E3E0F431-57AB-47BD-9CAD-DB622644B99C}.Release|x64.Build.0 = Release|x64
		{A87AD77F-CC08-4788-8630-68470354FCD3}.AddressSanitizer|x64.ActiveCfg = AddressSanitizer|x64
		{A87AD77F-CC08-4788-8630-68470354FCD3}.AddressSanitizer|x64.Build.0 = AddressSanitizer|x64
		{A87AD77F-CC08-4788-8630-68470354FCD3}.Debug|x64.ActiveCfg = Debug|x64
		{A87AD77F-CC08-4788-8630-68470354FCD3}.Debug|x64.Build.0 = Debug|x64
		{A87AD77F-CC08-4788-8630-68470354FCD3}.Release|x64.ActiveCfg = Release|x64
		{A87AD77F-CC08-4788-8630-68470354FCD3}.Release|x64.Build.0 = Release|x64
	EndGlobalSection
	GlobalSection(SolutionProperties) = preSolution
		HideSolutionNode = FALSE
	EndGlobalSection
	GlobalSection(NestedProjects) = preSolution
		{9FD2D32D-DAB0-40A1-B430-CBC12517B87C} = {C162FE81-3C10-437A-9DA2-21FBB4536F63}
		{371B9FA9-4C90-4AC6-A123-ACED756D6C77} = {3BC02507-77C0-40A8-9E3B-2FA4A06BE9B2}
		{F83F6C46-AEE0-480C-95FC-2319E6FEB02B} = {3BC02507-77C0-40A8-9E3B-2FA4A06BE9B2}
		{E3E0F431-57AB-47BD-9CAD-DB622644B99C} = {C162FE81-3C10-437A-9DA2-21FBB4536F63}
		{A87AD77F-CC08-4788-8630-68470354FCD3} = {C162FE81-3C10-437A-9DA2-21FBB4536F63}
	EndGlobalSection
	GlobalSection(ExtensibilityGlobals) = postSolution
		SolutionGuid = {83ACFAB7-7736-4934-9FD3-5E67DB15118D}
	EndGlobalSection
EndGlobal
