<?xml version="1.0" encoding="utf-8"?>
<Project ToolsVersion="4.0" xmlns="http://schemas.microsoft.com/developer/msbuild/2003">
  <ItemGroup>
    <Filter Include="WinterGame">
      <UniqueIdentifier>{41ae74d7-2431-4ece-81fa-20802ee7153d}</UniqueIdentifier>
    </Filter>
    <Filter Include="Scene">
      <UniqueIdentifier>{006d1f95-bd69-487f-a16f-63e700395313}</UniqueIdentifier>
    </Filter>
    <Filter Include="Scene\Factory">
      <UniqueIdentifier>{f5879a85-ec66-46fc-bcf0-54cf7bb924c4}</UniqueIdentifier>
    </Filter>
    <Filter Include="Scene\Title">
      <UniqueIdentifier>{8e625d63-a460-40bf-be2c-df0e21c56009}</UniqueIdentifier>
    </Filter>
    <Filter Include="Scene\Game">
      <UniqueIdentifier>{caef7934-734a-4ac8-9c48-d59212b0d380}</UniqueIdentifier>
    </Filter>
    <Filter Include="GameObject">
      <UniqueIdentifier>{04dfdcfc-59e1-403a-9266-6a4aaee534b6}</UniqueIdentifier>
    </Filter>
    <Filter Include="GameObject\Player">
      <UniqueIdentifier>{9c09af10-26f5-42dc-8a06-e0fbf245b9c6}</UniqueIdentifier>
    </Filter>
  </ItemGroup>
  <ItemGroup>
    <ClCompile Include="WinterGame\WinterGame.cpp">
      <Filter>WinterGame</Filter>
    </ClCompile>
    <ClCompile Include="main.cpp" />
    <ClCompile Include="Scene\Factory\SceneFactory.cpp">
      <Filter>Scene\Factory</Filter>
    </ClCompile>
    <ClCompile Include="Scene\Title\TitleScene.cpp">
      <Filter>Scene\Title</Filter>
    </ClCompile>
    <ClCompile Include="Scene\Game\GameScene.cpp">
      <Filter>Scene\Game</Filter>
    </ClCompile>
    <ClCompile Include="GameObject\Player\Player.cpp">
      <Filter>GameObject\Player</Filter>
    </ClCompile>
  </ItemGroup>
  <ItemGroup>
    <ClInclude Include="WinterGame\WinterGame.h">
      <Filter>WinterGame</Filter>
    </ClInclude>
    <ClInclude Include="Scene\Factory\SceneFactory.h">
      <Filter>Scene\Factory</Filter>
    </ClInclude>
    <ClInclude Include="Scene\Title\TitleScene.h">
      <Filter>Scene\Title</Filter>
    </ClInclude>
    <ClInclude Include="Scene\Game\GameScene.h">
      <Filter>Scene\Game</Filter>
    </ClInclude>
    <ClInclude Include="GameObject\BaseObject.h">
      <Filter>GameObject</Filter>
    </ClInclude>
    <ClInclude Include="GameObject\Player\Player.h">
      <Filter>GameObject\Player</Filter>
    </ClInclude>
  </ItemGroup>
</Project>