<?xml version="1.0" encoding="utf-8"?>
<Project ToolsVersion="4.0" xmlns="http://schemas.microsoft.com/developer/msbuild/2003">
  <ItemGroup>
    <Filter Include="WinterGame">
      <UniqueIdentifier>{41ae74d7-2431-4ece-81fa-20802ee7153d}</UniqueIdentifier>
    </Filter>
    <Filter Include="Scene">
      <UniqueIdentifier>{006d1f95-bd69-487f-a16f-63e700395313}</UniqueIdentifier>
    </Filter>
    <Filter Include="Scene\Factory">
      <UniqueIdentifier>{f5879a85-ec66-46fc-bcf0-54cf7bb924c4}</UniqueIdentifier>
    </Filter>
    <Filter Include="Scene\Title">
      <UniqueIdentifier>{8e625d63-a460-40bf-be2c-df0e21c56009}</UniqueIdentifier>
    </Filter>
    <Filter Include="Scene\Game">
      <UniqueIdentifier>{caef7934-734a-4ac8-9c48-d59212b0d380}</UniqueIdentifier>
    </Filter>
    <Filter Include="GameObject">
      <UniqueIdentifier>{04dfdcfc-59e1-403a-9266-6a4aaee534b6}</UniqueIdentifier>
    </Filter>
    <Filter Include="GameObject\Player">
      <UniqueIdentifier>{9c09af10-26f5-42dc-8a06-e0fbf245b9c6}</UniqueIdentifier>
    </Filter>
    <Filter Include="GameObject\PlayerBullet">
      <UniqueIdentifier>{2eeb9b05-afc1-4862-a621-00288d2a243f}</UniqueIdentifier>
    </Filter>
    <Filter Include="GameObject\Enemy">
      <UniqueIdentifier>{4d23f7ae-e8c6-41ef-a58f-cd83eb389201}</UniqueIdentifier>
    </Filter>
    <Filter Include="DIContainer">
      <UniqueIdentifier>{a054c6e7-0a23-441a-8a5f-995110a91dd8}</UniqueIdentifier>
    </Filter>
    <Filter Include="PopSystem">
      <UniqueIdentifier>{dbf0e03b-698b-4eb1-bf27-3bb34f606cb5}</UniqueIdentifier>
    </Filter>
    <Filter Include="PopSystem\Enemy">
      <UniqueIdentifier>{beced530-f079-4aed-84b5-fdaaed33c53c}</UniqueIdentifier>
    </Filter>
    <Filter Include="EventListener">
      <UniqueIdentifier>{db49e90e-2b87-40c5-b88a-a7f2ab7fd0ac}</UniqueIdentifier>
    </Filter>
    <Filter Include="UI">
      <UniqueIdentifier>{f629a227-da6b-426b-97f9-3a33cfaa6f4c}</UniqueIdentifier>
    </Filter>
    <Filter Include="UI\CountDown">
      <UniqueIdentifier>{537eb468-a26f-41f8-97a1-eb5d138e5beb}</UniqueIdentifier>
    </Filter>
    <Filter Include="GameObject\ScreenToWorld">
      <UniqueIdentifier>{fc9ef5a7-41f0-4008-9361-cecdf65911e5}</UniqueIdentifier>
    </Filter>
    <Filter Include="GameTimer">
      <UniqueIdentifier>{7e57411c-5795-47fe-bd26-eaea6b828de2}</UniqueIdentifier>
    </Filter>
    <Filter Include="UI\InputGuide">
      <UniqueIdentifier>{be36d6ff-38cc-49dc-bc4d-af352c25742d}</UniqueIdentifier>
    </Filter>
    <Filter Include="Scene\Clear">
      <UniqueIdentifier>{e038e2c1-eee8-42e3-8c9b-f54ae3698b78}</UniqueIdentifier>
    </Filter>
    <Filter Include="Scene\Lobby">
      <UniqueIdentifier>{b3e92359-b782-496d-8f89-5556be172543}</UniqueIdentifier>
    </Filter>
    <Filter Include="Scene\MultiGame">
      <UniqueIdentifier>{965bb4e1-6b00-406f-9b2e-1349f6e9118a}</UniqueIdentifier>
    </Filter>
    <Filter Include="MultiData">
      <UniqueIdentifier>{ea193379-2d59-4248-a97b-42bd27ab419f}</UniqueIdentifier>
    </Filter>
    <Filter Include="MultiData\MultiDataResolver">
      <UniqueIdentifier>{871347c5-b419-4bb5-9e14-458f14e6b9eb}</UniqueIdentifier>
    </Filter>
    <Filter Include="ScoreSystem">
      <UniqueIdentifier>{1a901cd6-b7ad-42da-adc5-24619b1aa5db}</UniqueIdentifier>
    </Filter>
  </ItemGroup>
  <ItemGroup>
    <ClCompile Include="WinterGame\WinterGame.cpp">
      <Filter>WinterGame</Filter>
    </ClCompile>
    <ClCompile Include="main.cpp" />
    <ClCompile Include="Scene\Factory\SceneFactory.cpp">
      <Filter>Scene\Factory</Filter>
    </ClCompile>
    <ClCompile Include="Scene\Title\TitleScene.cpp">
      <Filter>Scene\Title</Filter>
    </ClCompile>
    <ClCompile Include="Scene\Game\GameScene.cpp">
      <Filter>Scene\Game</Filter>
    </ClCompile>
    <ClCompile Include="GameObject\Player\Player.cpp">
      <Filter>GameObject\Player</Filter>
    </ClCompile>
    <ClCompile Include="GameObject\BaseObject.cpp">
      <Filter>GameObject</Filter>
    </ClCompile>
    <ClCompile Include="GameObject\PlayerBullet\PlayerBullet.cpp">
      <Filter>GameObject\PlayerBullet</Filter>
    </ClCompile>
    <ClCompile Include="GameObject\Enemy\Enemy.cpp">
      <Filter>GameObject\Enemy</Filter>
    </ClCompile>
    <ClCompile Include="EventListener\EventListener.cpp">
      <Filter>EventListener</Filter>
    </ClCompile>
    <ClCompile Include="PopSystem\Enemy\EnemyPopSystem.cpp">
      <Filter>PopSystem\Enemy</Filter>
    </ClCompile>
    <ClCompile Include="UI\CountDown\CountDown.cpp">
      <Filter>UI\CountDown</Filter>
    </ClCompile>
    <ClCompile Include="Scene\Clear\ClearScene.cpp">
      <Filter>Scene\Clear</Filter>
    </ClCompile>
    <ClCompile Include="GameTimer\GameTimer.cpp">
      <Filter>GameTimer</Filter>
    </ClCompile>
    <ClCompile Include="InputGuide\InputGuide.cpp">
      <Filter>UI\InputGuide</Filter>
    </ClCompile>
    <ClCompile Include="GameObject\ScreenToWorld\ScreenToWorld.cpp">
      <Filter>GameObject\ScreenToWorld</Filter>
    </ClCompile>
    <ClCompile Include="Scene\Lobby\Lobby.cpp">
      <Filter>Scene\Lobby</Filter>
    </ClCompile>
    <ClCompile Include="Scene\MultiGame\MultiGame.cpp">
      <Filter>Scene\MultiGame</Filter>
    </ClCompile>
    <ClCompile Include="stdafx.cpp" />
    <ClCompile Include="MultiData\MultiDataResolver\MultiDataResolver.cpp">
      <Filter>MultiData\MultiDataResolver</Filter>
    </ClCompile>
    <ClCompile Include="MultiDataManager\MultiDataManager.cpp">
      <Filter>MultiData</Filter>
    </ClCompile>
    <ClCompile Include="ScoreSystem\ScoreSystem.cpp">
      <Filter>ScoreSystem</Filter>
    </ClCompile>
  </ItemGroup>
  <ItemGroup>
    <ClInclude Include="WinterGame\WinterGame.h">
      <Filter>WinterGame</Filter>
    </ClInclude>
    <ClInclude Include="Scene\Factory\SceneFactory.h">
      <Filter>Scene\Factory</Filter>
    </ClInclude>
    <ClInclude Include="Scene\Title\TitleScene.h">
      <Filter>Scene\Title</Filter>
    </ClInclude>
    <ClInclude Include="Scene\Game\GameScene.h">
      <Filter>Scene\Game</Filter>
    </ClInclude>
    <ClInclude Include="GameObject\BaseObject.h">
      <Filter>GameObject</Filter>
    </ClInclude>
    <ClInclude Include="GameObject\Player\Player.h">
      <Filter>GameObject\Player</Filter>
    </ClInclude>
    <ClInclude Include="GameObject\PlayerBullet\PlayerBullet.h">
      <Filter>GameObject\PlayerBullet</Filter>
    </ClInclude>
    <ClInclude Include="GameObject\Enemy\Enemy.h">
      <Filter>GameObject\Enemy</Filter>
    </ClInclude>
    <ClInclude Include="DIContainer\DIContainer.h">
      <Filter>DIContainer</Filter>
    </ClInclude>
    <ClInclude Include="PopSystem\Enemy\EnemyPopSystem.h">
      <Filter>PopSystem\Enemy</Filter>
    </ClInclude>
    <ClInclude Include="EventListener\EventListener.h">
      <Filter>EventListener</Filter>
    </ClInclude>
    <ClInclude Include="UI\CountDown\CountDown.h">
      <Filter>UI\CountDown</Filter>
    </ClInclude>
    <ClInclude Include="GameObject\ScreenToWorld\ScreenToWorld.h">
      <Filter>GameObject\ScreenToWorld</Filter>
    </ClInclude>
    <ClInclude Include="GameTimer\GameTimer.h">
      <Filter>GameTimer</Filter>
    </ClInclude>
    <ClInclude Include="InputGuide\InputGuide.h">
      <Filter>UI\InputGuide</Filter>
    </ClInclude>
    <ClInclude Include="Scene\Clear\ClearScene.h">
      <Filter>Scene\Clear</Filter>
    </ClInclude>
    <ClInclude Include="Scene\Lobby\Lobby.h">
      <Filter>Scene\Lobby</Filter>
    </ClInclude>
    <ClInclude Include="stdafx.h" />
    <ClInclude Include="Scene\MultiGame\MultiGame.h">
      <Filter>Scene\MultiGame</Filter>
    </ClInclude>
    <ClInclude Include="MultiDataManager\MultiDataManager.h">
      <Filter>MultiData</Filter>
    </ClInclude>
    <ClInclude Include="MultiData\MultiDataResolver\MultiDataResolver.h">
      <Filter>MultiData\MultiDataResolver</Filter>
    </ClInclude>
    <ClInclude Include="ScoreSystem\ScoreSystem.h">
      <Filter>ScoreSystem</Filter>
    </ClInclude>
  </ItemGroup>
</Project>