<?xml version="1.0" encoding="utf-8"?>
<Project ToolsVersion="4.0" xmlns="http://schemas.microsoft.com/developer/msbuild/2003">
  <ItemGroup>
    <Filter Include="Scene">
      <UniqueIdentifier>{006d1f95-bd69-487f-a16f-63e700395313}</UniqueIdentifier>
    </Filter>
    <Filter Include="Scene\Factory">
      <UniqueIdentifier>{f5879a85-ec66-46fc-bcf0-54cf7bb924c4}</UniqueIdentifier>
    </Filter>
    <Filter Include="Scene\Title">
      <UniqueIdentifier>{8e625d63-a460-40bf-be2c-df0e21c56009}</UniqueIdentifier>
    </Filter>
    <Filter Include="Scene\Game">
      <UniqueIdentifier>{caef7934-734a-4ac8-9c48-d59212b0d380}</UniqueIdentifier>
    </Filter>
    <Filter Include="UI">
      <UniqueIdentifier>{f629a227-da6b-426b-97f9-3a33cfaa6f4c}</UniqueIdentifier>
    </Filter>
    <Filter Include="UI\CountDown">
      <UniqueIdentifier>{537eb468-a26f-41f8-97a1-eb5d138e5beb}</UniqueIdentifier>
    </Filter>
    <Filter Include="UI\InputGuide">
      <UniqueIdentifier>{be36d6ff-38cc-49dc-bc4d-af352c25742d}</UniqueIdentifier>
    </Filter>
    <Filter Include="Scene\Clear">
      <UniqueIdentifier>{e038e2c1-eee8-42e3-8c9b-f54ae3698b78}</UniqueIdentifier>
    </Filter>
    <Filter Include="Entity">
      <UniqueIdentifier>{04dfdcfc-59e1-403a-9266-6a4aaee534b6}</UniqueIdentifier>
    </Filter>
    <Filter Include="Entity\Player">
      <UniqueIdentifier>{9c09af10-26f5-42dc-8a06-e0fbf245b9c6}</UniqueIdentifier>
    </Filter>
    <Filter Include="Entity\PlayerBullet">
      <UniqueIdentifier>{2eeb9b05-afc1-4862-a621-00288d2a243f}</UniqueIdentifier>
    </Filter>
    <Filter Include="Entity\Enemy">
      <UniqueIdentifier>{4d23f7ae-e8c6-41ef-a58f-cd83eb389201}</UniqueIdentifier>
    </Filter>
    <Filter Include="Entity\ScreenToWorld">
      <UniqueIdentifier>{fc9ef5a7-41f0-4008-9361-cecdf65911e5}</UniqueIdentifier>
    </Filter>
    <Filter Include="Entity\Stats">
      <UniqueIdentifier>{3673aaf9-50f9-4d17-a06b-99dda8e55965}</UniqueIdentifier>
    </Filter>
    <Filter Include="Config">
      <UniqueIdentifier>{8897ca16-d942-450f-9fd0-ac0e40272105}</UniqueIdentifier>
    </Filter>
    <Filter Include="Framework">
      <UniqueIdentifier>{41ae74d7-2431-4ece-81fa-20802ee7153d}</UniqueIdentifier>
    </Filter>
    <Filter Include="Logic">
      <UniqueIdentifier>{41f53130-ce1d-44f8-bb1b-ee0011b1132d}</UniqueIdentifier>
    </Filter>
    <Filter Include="Logic\Spawner">
      <UniqueIdentifier>{89fb3282-62b2-4b28-b305-8a05d0f0d420}</UniqueIdentifier>
    </Filter>
    <Filter Include="IO">
      <UniqueIdentifier>{c1a9b9e5-3ea2-40dc-b89a-2325cb5a4534}</UniqueIdentifier>
    </Filter>
    <Filter Include="IO\Net">
      <UniqueIdentifier>{ea193379-2d59-4248-a97b-42bd27ab419f}</UniqueIdentifier>
    </Filter>
    <Filter Include="Scene\Title\Animation">
      <UniqueIdentifier>{2182c022-4ac2-4066-968a-4208cb6a71e6}</UniqueIdentifier>
    </Filter>
    <Filter Include="Logic\Score">
      <UniqueIdentifier>{1a901cd6-b7ad-42da-adc5-24619b1aa5db}</UniqueIdentifier>
    </Filter>
    <Filter Include="Logic\Event">
      <UniqueIdentifier>{db49e90e-2b87-40c5-b88a-a7f2ab7fd0ac}</UniqueIdentifier>
    </Filter>
    <Filter Include="Logic\Timer">
      <UniqueIdentifier>{7e57411c-5795-47fe-bd26-eaea6b828de2}</UniqueIdentifier>
    </Filter>
    <Filter Include="Type">
      <UniqueIdentifier>{a054c6e7-0a23-441a-8a5f-995110a91dd8}</UniqueIdentifier>
    </Filter>
    <Filter Include="Scene\Load">
      <UniqueIdentifier>{f4d730e1-b8e5-41fb-9d79-b0eafe7b5496}</UniqueIdentifier>
    </Filter>
  </ItemGroup>
  <ItemGroup>
    <ClCompile Include="src\framework\Calms.cpp">
      <Filter>Framework</Filter>
    </ClCompile>
    <ClCompile Include="src\main.cpp" />
    <ClCompile Include="src\scene\Factory\SceneFactory.cpp">
      <Filter>Scene\Factory</Filter>
    </ClCompile>
    <ClCompile Include="src\scene\Title\TitleScene.cpp">
      <Filter>Scene\Title</Filter>
    </ClCompile>
    <ClCompile Include="src\scene\Game\GameScene.cpp">
      <Filter>Scene\Game</Filter>
    </ClCompile>
    <ClCompile Include="src\logic\event\EventListener.cpp">
      <Filter>Logic\Event</Filter>
    </ClCompile>
    <ClCompile Include="src\ui\CountDown\CountDown.cpp">
      <Filter>UI\CountDown</Filter>
    </ClCompile>
    <ClCompile Include="src\scene\Clear\ClearScene.cpp">
      <Filter>Scene\Clear</Filter>
    </ClCompile>
    <ClCompile Include="src\logic\timer\InGameTimer.cpp">
      <Filter>Logic\Timer</Filter>
    </ClCompile>
    <ClCompile Include="src\ui\guide\InputGuide.cpp">
      <Filter>UI\InputGuide</Filter>
    </ClCompile>
    <ClCompile Include="src\stdafx.cpp" />
    <ClCompile Include="src\logic\score\ScoreCalculator.cpp">
      <Filter>Logic\Score</Filter>
    </ClCompile>
    <ClCompile Include="src\Entity\Enemy\Enemy.cpp">
      <Filter>Entity\Enemy</Filter>
    </ClCompile>
    <ClCompile Include="src\Entity\Player\Player.cpp">
      <Filter>Entity\Player</Filter>
    </ClCompile>
    <ClCompile Include="src\Entity\PlayerBullet\PlayerBullet.cpp">
      <Filter>Entity\PlayerBullet</Filter>
    </ClCompile>
    <ClCompile Include="src\Entity\ScreenToWorld\ScreenToWorld.cpp">
      <Filter>Entity\ScreenToWorld</Filter>
    </ClCompile>
    <ClCompile Include="src\Entity\EntityBase.cpp">
      <Filter>Entity</Filter>
    </ClCompile>
    <ClCompile Include="src\Entity\Status\EntityStats.cpp">
      <Filter>Entity\Stats</Filter>
    </ClCompile>
    <ClCompile Include="src\scene\Title\Animation\OpeningAnimation.cpp">
      <Filter>Scene\Title\Animation</Filter>
    </ClCompile>
    <ClCompile Include="src\logic\spawner\EnemySpawner.cpp">
      <Filter>Logic\Spawner</Filter>
    </ClCompile>
    <ClCompile Include="src\scene\Load\LoadScene.cpp">
      <Filter>Scene\Load</Filter>
    </ClCompile>
    <ClCompile Include="src\scene\GameOverTest\GameOverTestScene.cpp" />
    <ClCompile Include="src\entity\player\GameOverAnimation.cpp" />
  </ItemGroup>
  <ItemGroup>
    <ClInclude Include="src\framework\Calms.h">
      <Filter>Framework</Filter>
    </ClInclude>
    <ClInclude Include="src\scene\Factory\SceneFactory.h">
      <Filter>Scene\Factory</Filter>
    </ClInclude>
    <ClInclude Include="src\scene\Title\TitleScene.h">
      <Filter>Scene\Title</Filter>
    </ClInclude>
    <ClInclude Include="src\scene\Game\GameScene.h">
      <Filter>Scene\Game</Filter>
    </ClInclude>
    <ClInclude Include="src\logic\event\EventListener.h">
      <Filter>Logic\Event</Filter>
    </ClInclude>
    <ClInclude Include="src\ui\CountDown\CountDown.h">
      <Filter>UI\CountDown</Filter>
    </ClInclude>
    <ClInclude Include="src\logic\timer\InGameTimer.h">
      <Filter>Logic\Timer</Filter>
    </ClInclude>
    <ClInclude Include="src\ui\guide\InputGuide.h">
      <Filter>UI\InputGuide</Filter>
    </ClInclude>
    <ClInclude Include="src\scene\Clear\ClearScene.h">
      <Filter>Scene\Clear</Filter>
    </ClInclude>
    <ClInclude Include="src\stdafx.h" />
    <ClInclude Include="src\logic\score\ScoreCalculator.h">
      <Filter>Logic\Score</Filter>
    </ClInclude>
    <ClInclude Include="src\Entity\Enemy\Enemy.h">
      <Filter>Entity\Enemy</Filter>
    </ClInclude>
    <ClInclude Include="src\Entity\Player\Player.h">
      <Filter>Entity\Player</Filter>
    </ClInclude>
    <ClInclude Include="src\Entity\PlayerBullet\PlayerBullet.h">
      <Filter>Entity\PlayerBullet</Filter>
    </ClInclude>
    <ClInclude Include="src\Entity\ScreenToWorld\ScreenToWorld.h">
      <Filter>Entity\ScreenToWorld</Filter>
    </ClInclude>
    <ClInclude Include="src\Entity\EntityBase.h">
      <Filter>Entity</Filter>
    </ClInclude>
    <ClInclude Include="src\Entity\Status\EntityStats.h">
      <Filter>Entity\Stats</Filter>
    </ClInclude>
    <ClInclude Include="src\scene\Title\Animation\OpeningAnimation.h">
      <Filter>Scene\Title\Animation</Filter>
    </ClInclude>
    <ClInclude Include="src\config\ResourcePath.h">
      <Filter>Config</Filter>
    </ClInclude>
    <ClInclude Include="src\logic\spawner\EnemySpawner.h">
      <Filter>Logic\Spawner</Filter>
    </ClInclude>
    <ClInclude Include="src\scene\Load\LoadScene.h">
      <Filter>Scene\Load</Filter>
    </ClInclude>
    <ClInclude Include="src\scene\GameOverTest\GameOverTestScene.h" />
    <ClInclude Include="src\entity\player\GameOverAnimation.h" />
  </ItemGroup>
</Project>